
Microsoft Visual Studio Solution File, Format Version 12.00
# Visual Studio Version 17
VisualStudioVersion = 17.5.33424.131
MinimumVisualStudioVersion = 10.0.40219.1
Project("{888888A0-9F3D-457C-B088-3A5042F75D52}") = "HAZI05", "HAZI05\HAZI05.pyproj", "{7D04EB41-D04B-4DB2-952B-492B3E614DD6}"
EndProject
Global
	GlobalSection(SolutionConfigurationPlatforms) = preSolution
		Debug|Any CPU = Debug|Any CPU
		Release|Any CPU = Release|Any CPU
	EndGlobalSection
	GlobalSection(ProjectConfigurationPlatforms) = postSolution
		{7D04EB41-D04B-4DB2-952B-492B3E614DD6}.Debug|Any CPU.ActiveCfg = Debug|Any CPU
		{7D04EB41-D04B-4DB2-952B-492B3E614DD6}.Release|Any CPU.ActiveCfg = Release|Any CPU
	EndGlobalSection
	GlobalSection(SolutionProperties) = preSolution
		HideSolutionNode = FALSE
	EndGlobalSection
	GlobalSection(ExtensibilityGlobals) = postSolution
		SolutionGuid = {042F6021-79A2-4109-85DB-F5BAAEEAB615}
	EndGlobalSection
EndGlobal
